PS D:\TUTEDUDE assignments\Terraform assignment\02question> terraform init
Initializing the backend...
Initializing provider plugins...
- Finding hashicorp/aws versions matching "~> 5.0"...
- Installing hashicorp/aws v5.100.0...
- Installed hashicorp/aws v5.100.0 (signed by HashiCorp)
Terraform has created a lock file .terraform.lock.hcl to record the provider
selections it made above. Include this file in your version control repository
so that Terraform can guarantee to make the same selections by default when
you run "terraform init" in the future.

Terraform has been successfully initialized!

You may now begin working with Terraform. Try running "terraform plan" to see
any changes that are required for your infrastructure. All Terraform commands
should now work.

If you ever set or change modules or backend configuration for Terraform,
rerun this command to reinitialize your working directory. If you forget, other
commands will detect it and remind you to do so if necessary.

==============================================================================================

PS D:\TUTEDUDE assignments\Terraform assignment\02question> terraform plan -out=tfplan2
data.aws_vpc.default: Reading...
data.aws_vpc.default: Read complete after 4s [id=vpc-0a858e9ef359b36ef]

Terraform used the selected providers to generate the following execution plan. Resource actions are indicated with the following symbols:  
  + create

Terraform will perform the following actions:

  # aws_instance.app will be created
  + resource "aws_instance" "app" {
      + ami                                  = "ami-0a716d3f3b16d290c"
      + arn                                  = (known after apply)
      + associate_public_ip_address          = (known after apply)
      + availability_zone                    = (known after apply)
      + cpu_core_count                       = (known after apply)
      + cpu_threads_per_core                 = (known after apply)
      + disable_api_stop                     = (known after apply)
      + disable_api_termination              = (known after apply)
      + ebs_optimized                        = (known after apply)
      + enable_primary_ipv6                  = (known after apply)
      + get_password_data                    = false
      + host_id                              = (known after apply)
      + host_resource_group_arn              = (known after apply)
      + iam_instance_profile                 = (known after apply)
      + id                                   = (known after apply)
      + instance_initiated_shutdown_behavior = (known after apply)
      + instance_lifecycle                   = (known after apply)
      + instance_state                       = (known after apply)
      + instance_type                        = "t3.micro"
      + ipv6_address_count                   = (known after apply)
      + ipv6_addresses                       = (known after apply)
      + key_name                             = (known after apply)
      + monitoring                           = (known after apply)
      + outpost_arn                          = (known after apply)
      + password_data                        = (known after apply)
      + placement_group                      = (known after apply)
      + placement_partition_number           = (known after apply)
      + primary_network_interface_id         = (known after apply)
      + private_dns                          = (known after apply)
      + private_ip                           = (known after apply)
      + public_dns                           = (known after apply)
      + public_ip                            = (known after apply)
      + secondary_private_ips                = (known after apply)
      + security_groups                      = (known after apply)
      + source_dest_check                    = true
      + spot_instance_request_id             = (known after apply)
      + subnet_id                            = (known after apply)
      + tags                                 = {
          + "Name" = "tf-flask-express-instance"
        }
      + tags_all                             = {
          + "Name" = "tf-flask-express-instance"
        }
      + tenancy                              = (known after apply)
      + user_data                            = "c599c6df04da32a14c0f5aa71ce44890b0b27571"
      + user_data_base64                     = (known after apply)
      + user_data_replace_on_change          = false
      + vpc_security_group_ids               = (known after apply)

      + capacity_reservation_specification (known after apply)

      + cpu_options (known after apply)

      + ebs_block_device (known after apply)

      + enclave_options (known after apply)

      + ephemeral_block_device (known after apply)

      + instance_market_options (known after apply)

      + maintenance_options (known after apply)

      + metadata_options (known after apply)

      + network_interface (known after apply)

      + private_dns_name_options (known after apply)

      + root_block_device (known after apply)
    }

  # aws_security_group.instance_sg will be created
  + resource "aws_security_group" "instance_sg" {
      + arn                    = (known after apply)
      + description            = "Allow SSH, Express(3000)"
      + egress                 = [
          + {
              + cidr_blocks      = [
                  + "0.0.0.0/0",
                ]
              + from_port        = 0
              + ipv6_cidr_blocks = []
              + prefix_list_ids  = []
              + protocol         = "-1"
              + security_groups  = []
              + self             = false
              + to_port          = 0
                # (1 unchanged attribute hidden)
            },
        ]
      + id                     = (known after apply)
      + ingress                = [
          + {
              + cidr_blocks      = [
                  + "0.0.0.0/0",
                ]
              + description      = "Express frontend"
              + from_port        = 3000
              + ipv6_cidr_blocks = []
              + prefix_list_ids  = []
              + protocol         = "tcp"
              + security_groups  = []
              + self             = false
              + to_port          = 3000
            },
          + {
              + cidr_blocks      = [
                  + "0.0.0.0/0",
                ]
              + description      = "SSH"
              + from_port        = 22
              + ipv6_cidr_blocks = []
              + prefix_list_ids  = []
              + protocol         = "tcp"
              + security_groups  = []
              + self             = false
              + to_port          = 22
            },
        ]
      + name                   = "tf-flask-express-sg1"
      + name_prefix            = (known after apply)
      + owner_id               = (known after apply)
      + revoke_rules_on_delete = false
      + tags_all               = (known after apply)
      + vpc_id                 = "vpc-0a858e9ef359b36ef"
    }

Plan: 2 to add, 0 to change, 0 to destroy.

Changes to Outputs:
  + instance_public_dns = (known after apply)
  + public_ip           = (known after apply)

─────────────────────────────────────────────────────────────────────────────────────────────────────────────────────────────────────────── 

Saved the plan to: tfplan2

To perform exactly these actions, run the following command to apply:
    terraform apply "tfplan2"

===============================================================================================

PS D:\TUTEDUDE assignments\Terraform assignment\02question> terraform apply tfplan2
aws_security_group.instance_sg: Creating...
aws_security_group.instance_sg: Creation complete after 7s [id=sg-044fce6779ab962ea]
aws_instance.app: Creating...
aws_instance.app: Still creating... [00m10s elapsed]
aws_instance.app: Still creating... [00m20s elapsed]
aws_instance.app: Still creating... [00m30s elapsed]
aws_instance.app: Creation complete after 36s [id=i-03859b5c3a2ff6bf0]

Apply complete! Resources: 2 added, 0 changed, 0 destroyed.

Outputs:

instance_public_dns = "ec2-13-53-131-67.eu-north-1.compute.amazonaws.com"
public_ip = "13.53.131.67"

==================================================================================================

PS D:\TUTEDUDE assignments\Terraform assignment\02question> terraform destroy
data.aws_vpc.default: Reading...
data.aws_vpc.default: Read complete after 4s [id=vpc-0a858e9ef359b36ef]
aws_security_group.instance_sg: Refreshing state... [id=sg-044fce6779ab962ea]
aws_instance.app: Refreshing state... [id=i-03859b5c3a2ff6bf0]

Terraform used the selected providers to generate the following execution plan. Resource actions are indicated with the following symbols:
  - destroy

Terraform will perform the following actions:

  # aws_instance.app will be destroyed
  - resource "aws_instance" "app" {
      - ami                                  = "ami-0a716d3f3b16d290c" -> null
      - arn                                  = "arn:aws:ec2:eu-north-1:241592945434:instance/i-03859b5c3a2ff6bf0" -> null
      - associate_public_ip_address          = true -> null
      - availability_zone                    = "eu-north-1b" -> null
      - cpu_core_count                       = 1 -> null
      - cpu_threads_per_core                 = 2 -> null
      - disable_api_stop                     = false -> null
      - disable_api_termination              = false -> null
      - ebs_optimized                        = false -> null
      - get_password_data                    = false -> null
      - hibernation                          = false -> null
      - id                                   = "i-03859b5c3a2ff6bf0" -> null
      - instance_initiated_shutdown_behavior = "stop" -> null
      - instance_state                       = "running" -> null
      - instance_type                        = "t3.micro" -> null
      - ipv6_address_count                   = 0 -> null
      - ipv6_addresses                       = [] -> null
      - monitoring                           = false -> null
      - placement_partition_number           = 0 -> null
      - primary_network_interface_id         = "eni-0df650101be366b44" -> null
      - private_dns                          = "ip-172-31-46-202.eu-north-1.compute.internal" -> null
      - private_ip                           = "172.31.46.202" -> null
      - public_dns                           = "ec2-13-53-131-67.eu-north-1.compute.amazonaws.com" -> null
      - public_ip                            = "13.53.131.67" -> null
      - secondary_private_ips                = [] -> null
      - security_groups                      = [
          - "tf-flask-express-sg1",
        ] -> null
      - source_dest_check                    = true -> null
      - subnet_id                            = "subnet-05567456205758b7a" -> null
      - tags                                 = {
          - "Name" = "tf-flask-express-instance"
        } -> null
      - tags_all                             = {
          - "Name" = "tf-flask-express-instance"
        } -> null
      - tenancy                              = "default" -> null
      - user_data                            = "c599c6df04da32a14c0f5aa71ce44890b0b27571" -> null
      - user_data_replace_on_change          = false -> null
      - vpc_security_group_ids               = [
          - "sg-044fce6779ab962ea",
        ] -> null
        # (8 unchanged attributes hidden)

      - capacity_reservation_specification {
          - capacity_reservation_preference = "open" -> null
        }

      - cpu_options {
          - core_count       = 1 -> null
          - threads_per_core = 2 -> null
            # (1 unchanged attribute hidden)
        }

      - credit_specification {
          - cpu_credits = "unlimited" -> null
        }

      - enclave_options {
          - enabled = false -> null
        }

      - maintenance_options {
          - auto_recovery = "default" -> null
        }

      - metadata_options {
          - http_endpoint               = "enabled" -> null
          - http_protocol_ipv6          = "disabled" -> null
          - http_put_response_hop_limit = 2 -> null
          - http_tokens                 = "required" -> null
          - instance_metadata_tags      = "disabled" -> null
        }

      - private_dns_name_options {
          - enable_resource_name_dns_a_record    = false -> null
          - enable_resource_name_dns_aaaa_record = false -> null
          - hostname_type                        = "ip-name" -> null
        }

      - root_block_device {
          - delete_on_termination = true -> null
          - device_name           = "/dev/sda1" -> null
          - encrypted             = false -> null
          - iops                  = 3000 -> null
          - tags                  = {} -> null
          - tags_all              = {} -> null
          - throughput            = 125 -> null
          - volume_id             = "vol-06774c5decccc9a75" -> null
          - volume_size           = 8 -> null
          - volume_type           = "gp3" -> null
            # (1 unchanged attribute hidden)
        }
    }

  # aws_security_group.instance_sg will be destroyed
  - resource "aws_security_group" "instance_sg" {
      - arn                    = "arn:aws:ec2:eu-north-1:241592945434:security-group/sg-044fce6779ab962ea" -> null
      - description            = "Allow SSH, Express(3000)" -> null
      - egress                 = [
          - {
              - cidr_blocks      = [
                  - "0.0.0.0/0",
                ]
              - from_port        = 0
              - ipv6_cidr_blocks = []
              - prefix_list_ids  = []
              - protocol         = "-1"
              - security_groups  = []
              - self             = false
              - to_port          = 0
                # (1 unchanged attribute hidden)
            },
        ] -> null
      - id                     = "sg-044fce6779ab962ea" -> null
      - ingress                = [
          - {
              - cidr_blocks      = [
                  - "0.0.0.0/0",
                ]
              - description      = "Express frontend"
              - from_port        = 3000
              - ipv6_cidr_blocks = []
              - prefix_list_ids  = []
              - protocol         = "tcp"
              - security_groups  = []
              - self             = false
              - to_port          = 3000
            },
          - {
              - cidr_blocks      = [
                  - "0.0.0.0/0",
                ]
              - description      = "SSH"
              - from_port        = 22
              - ipv6_cidr_blocks = []
              - prefix_list_ids  = []
              - protocol         = "tcp"
              - security_groups  = []
              - self             = false
              - to_port          = 22
            },
        ] -> null
      - name                   = "tf-flask-express-sg1" -> null
      - owner_id               = "241592945434" -> null
      - revoke_rules_on_delete = false -> null
      - tags                   = {} -> null
      - tags_all               = {} -> null
      - vpc_id                 = "vpc-0a858e9ef359b36ef" -> null
        # (1 unchanged attribute hidden)
    }

Plan: 0 to add, 0 to change, 2 to destroy.

Changes to Outputs:
  - instance_public_dns = "ec2-13-53-131-67.eu-north-1.compute.amazonaws.com" -> null
  - public_ip           = "13.53.131.67" -> null

Do you really want to destroy all resources?
  Terraform will destroy all your managed infrastructure, as shown above.
  There is no undo. Only 'yes' will be accepted to confirm.

  Enter a value: yes

aws_instance.app: Destroying... [id=i-03859b5c3a2ff6bf0]
aws_instance.app: Still destroying... [id=i-03859b5c3a2ff6bf0, 00m10s elapsed]
aws_instance.app: Still destroying... [id=i-03859b5c3a2ff6bf0, 00m20s elapsed]
aws_instance.app: Still destroying... [id=i-03859b5c3a2ff6bf0, 00m30s elapsed]
aws_instance.app: Still destroying... [id=i-03859b5c3a2ff6bf0, 00m40s elapsed]
aws_instance.app: Destruction complete after 44s
aws_security_group.instance_sg: Destroying... [id=sg-044fce6779ab962ea]
aws_security_group.instance_sg: Destruction complete after 1s

Destroy complete! Resources: 2 destroyed.